
Microsoft Visual Studio Solution File, Format Version 12.00
# Visual Studio Version 17
VisualStudioVersion = 17.1.32228.430
MinimumVisualStudioVersion = 10.0.40219.1
Project("{FAE04EC0-301F-11D3-BF4B-00C04F79EFBC}") = "Ejercicio03.Android", "Ejercicio03\Ejercicio03.Android\Ejercicio03.Android.csproj", "{643B664D-F879-409F-9460-4D7D4A4F5325}"
EndProject
Project("{FAE04EC0-301F-11D3-BF4B-00C04F79EFBC}") = "Ejercicio03.iOS", "Ejercicio03\Ejercicio03.iOS\Ejercicio03.iOS.csproj", "{1CFAE5D3-350A-4273-B007-F45B3544E572}"
EndProject
Project("{FAE04EC0-301F-11D3-BF4B-00C04F79EFBC}") = "Ejercicio03", "Ejercicio03\Ejercicio03\Ejercicio03.csproj", "{40D4CCDD-CDC3-4E5A-B88A-623FCFC41DE3}"
EndProject
Global
	GlobalSection(SolutionConfigurationPlatforms) = preSolution
		Debug|Any CPU = Debug|Any CPU
		Debug|iPhone = Debug|iPhone
		Debug|iPhoneSimulator = Debug|iPhoneSimulator
		Release|Any CPU = Release|Any CPU
		Release|iPhone = Release|iPhone
		Release|iPhoneSimulator = Release|iPhoneSimulator
	EndGlobalSection
	GlobalSection(ProjectConfigurationPlatforms) = postSolution
		{643B664D-F879-409F-9460-4D7D4A4F5325}.Debug|Any CPU.ActiveCfg = Debug|Any CPU
		{643B664D-F879-409F-9460-4D7D4A4F5325}.Debug|Any CPU.Build.0 = Debug|Any CPU
		{643B664D-F879-409F-9460-4D7D4A4F5325}.Debug|Any CPU.Deploy.0 = Debug|Any CPU
		{643B664D-F879-409F-9460-4D7D4A4F5325}.Debug|iPhone.ActiveCfg = Debug|Any CPU
		{643B664D-F879-409F-9460-4D7D4A4F5325}.Debug|iPhone.Build.0 = Debug|Any CPU
		{643B664D-F879-409F-9460-4D7D4A4F5325}.Debug|iPhone.Deploy.0 = Debug|Any CPU
		{643B664D-F879-409F-9460-4D7D4A4F5325}.Debug|iPhoneSimulator.ActiveCfg = Debug|Any CPU
		{643B664D-F879-409F-9460-4D7D4A4F5325}.Debug|iPhoneSimulator.Build.0 = Debug|Any CPU
		{643B664D-F879-409F-9460-4D7D4A4F5325}.Debug|iPhoneSimulator.Deploy.0 = Debug|Any CPU
		{643B664D-F879-409F-9460-4D7D4A4F5325}.Release|Any CPU.ActiveCfg = Release|Any CPU
		{643B664D-F879-409F-9460-4D7D4A4F5325}.Release|Any CPU.Build.0 = Release|Any CPU
		{643B664D-F879-409F-9460-4D7D4A4F5325}.Release|Any CPU.Deploy.0 = Release|Any CPU
		{643B664D-F879-409F-9460-4D7D4A4F5325}.Release|iPhone.ActiveCfg = Release|Any CPU
		{643B664D-F879-409F-9460-4D7D4A4F5325}.Release|iPhone.Build.0 = Release|Any CPU
		{643B664D-F879-409F-9460-4D7D4A4F5325}.Release|iPhone.Deploy.0 = Release|Any CPU
		{643B664D-F879-409F-9460-4D7D4A4F5325}.Release|iPhoneSimulator.ActiveCfg = Release|Any CPU
		{643B664D-F879-409F-9460-4D7D4A4F5325}.Release|iPhoneSimulator.Build.0 = Release|Any CPU
		{643B664D-F879-409F-9460-4D7D4A4F5325}.Release|iPhoneSimulator.Deploy.0 = Release|Any CPU
		{1CFAE5D3-350A-4273-B007-F45B3544E572}.Debug|Any CPU.ActiveCfg = Debug|iPhone
		{1CFAE5D3-350A-4273-B007-F45B3544E572}.Debug|Any CPU.Build.0 = Debug|iPhone
		{1CFAE5D3-350A-4273-B007-F45B3544E572}.Debug|Any CPU.Deploy.0 = Debug|iPhone
		{1CFAE5D3-350A-4273-B007-F45B3544E572}.Debug|iPhone.ActiveCfg = Debug|iPhone
		{1CFAE5D3-350A-4273-B007-F45B3544E572}.Debug|iPhone.Build.0 = Debug|iPhone
		{1CFAE5D3-350A-4273-B007-F45B3544E572}.Debug|iPhone.Deploy.0 = Debug|iPhone
		{1CFAE5D3-350A-4273-B007-F45B3544E572}.Debug|iPhoneSimulator.ActiveCfg = Debug|iPhoneSimulator
		{1CFAE5D3-350A-4273-B007-F45B3544E572}.Debug|iPhoneSimulator.Build.0 = Debug|iPhoneSimulator
		{1CFAE5D3-350A-4273-B007-F45B3544E572}.Debug|iPhoneSimulator.Deploy.0 = Debug|iPhoneSimulator
		{1CFAE5D3-350A-4273-B007-F45B3544E572}.Release|Any CPU.ActiveCfg = Release|iPhoneSimulator
		{1CFAE5D3-350A-4273-B007-F45B3544E572}.Release|Any CPU.Build.0 = Release|iPhoneSimulator
		{1CFAE5D3-350A-4273-B007-F45B3544E572}.Release|Any CPU.Deploy.0 = Release|iPhoneSimulator
		{1CFAE5D3-350A-4273-B007-F45B3544E572}.Release|iPhone.ActiveCfg = Release|iPhone
		{1CFAE5D3-350A-4273-B007-F45B3544E572}.Release|iPhone.Build.0 = Release|iPhone
		{1CFAE5D3-350A-4273-B007-F45B3544E572}.Release|iPhone.Deploy.0 = Release|iPhone
		{1CFAE5D3-350A-4273-B007-F45B3544E572}.Release|iPhoneSimulator.ActiveCfg = Release|iPhoneSimulator
		{1CFAE5D3-350A-4273-B007-F45B3544E572}.Release|iPhoneSimulator.Build.0 = Release|iPhoneSimulator
		{1CFAE5D3-350A-4273-B007-F45B3544E572}.Release|iPhoneSimulator.Deploy.0 = Release|iPhoneSimulator
		{40D4CCDD-CDC3-4E5A-B88A-623FCFC41DE3}.Debug|Any CPU.ActiveCfg = Debug|Any CPU
		{40D4CCDD-CDC3-4E5A-B88A-623FCFC41DE3}.Debug|Any CPU.Build.0 = Debug|Any CPU
		{40D4CCDD-CDC3-4E5A-B88A-623FCFC41DE3}.Debug|Any CPU.Deploy.0 = Debug|Any CPU
		{40D4CCDD-CDC3-4E5A-B88A-623FCFC41DE3}.Debug|iPhone.ActiveCfg = Debug|Any CPU
		{40D4CCDD-CDC3-4E5A-B88A-623FCFC41DE3}.Debug|iPhone.Build.0 = Debug|Any CPU
		{40D4CCDD-CDC3-4E5A-B88A-623FCFC41DE3}.Debug|iPhone.Deploy.0 = Debug|Any CPU
		{40D4CCDD-CDC3-4E5A-B88A-623FCFC41DE3}.Debug|iPhoneSimulator.ActiveCfg = Debug|Any CPU
		{40D4CCDD-CDC3-4E5A-B88A-623FCFC41DE3}.Debug|iPhoneSimulator.Build.0 = Debug|Any CPU
		{40D4CCDD-CDC3-4E5A-B88A-623FCFC41DE3}.Debug|iPhoneSimulator.Deploy.0 = Debug|Any CPU
		{40D4CCDD-CDC3-4E5A-B88A-623FCFC41DE3}.Release|Any CPU.ActiveCfg = Release|Any CPU
		{40D4CCDD-CDC3-4E5A-B88A-623FCFC41DE3}.Release|Any CPU.Build.0 = Release|Any CPU
		{40D4CCDD-CDC3-4E5A-B88A-623FCFC41DE3}.Release|Any CPU.Deploy.0 = Release|Any CPU
		{40D4CCDD-CDC3-4E5A-B88A-623FCFC41DE3}.Release|iPhone.ActiveCfg = Release|Any CPU
		{40D4CCDD-CDC3-4E5A-B88A-623FCFC41DE3}.Release|iPhone.Build.0 = Release|Any CPU
		{40D4CCDD-CDC3-4E5A-B88A-623FCFC41DE3}.Release|iPhone.Deploy.0 = Release|Any CPU
		{40D4CCDD-CDC3-4E5A-B88A-623FCFC41DE3}.Release|iPhoneSimulator.ActiveCfg = Release|Any CPU
		{40D4CCDD-CDC3-4E5A-B88A-623FCFC41DE3}.Release|iPhoneSimulator.Build.0 = Release|Any CPU
		{40D4CCDD-CDC3-4E5A-B88A-623FCFC41DE3}.Release|iPhoneSimulator.Deploy.0 = Release|Any CPU
	EndGlobalSection
	GlobalSection(SolutionProperties) = preSolution
		HideSolutionNode = FALSE
	EndGlobalSection
	GlobalSection(ExtensibilityGlobals) = postSolution
		SolutionGuid = {44438F8A-771A-47C1-9F3D-A1E987722351}
	EndGlobalSection
EndGlobal
